<?xml version="1.0" encoding="utf-8"?>
<Project ToolsVersion="4.0" xmlns="http://schemas.microsoft.com/developer/msbuild/2003">
  <ItemGroup>
    <Filter Include="源文件">
      <UniqueIdentifier>{4FC737F1-C7A5-4376-A066-2A32D752A2FF}</UniqueIdentifier>
      <Extensions>cpp;c;cc;cxx;def;odl;idl;hpj;bat;asm;asmx</Extensions>
    </Filter>
    <Filter Include="头文件">
      <UniqueIdentifier>{93995380-89BD-4b04-88EB-625FBE52EBFB}</UniqueIdentifier>
      <Extensions>h;hpp;hxx;hm;inl;inc;xsd</Extensions>
    </Filter>
    <Filter Include="资源文件">
      <UniqueIdentifier>{67DA6AB6-F800-4c08-8B7A-83BB121AAD01}</UniqueIdentifier>
      <Extensions>rc;ico;cur;bmp;dlg;rc2;rct;bin;rgs;gif;jpg;jpeg;jpe;resx;tiff;tif;png;wav;mfcribbon-ms</Extensions>
    </Filter>
    <Filter Include="生成的文件">
      <UniqueIdentifier>{db426dc2-fb79-4a50-a300-0347e07c7e5c}</UniqueIdentifier>
      <SourceControlFiles>False</SourceControlFiles>
    </Filter>
  </ItemGroup>
  <ItemGroup>
    <ClCompile Include="stdafx.cpp">
      <Filter>源文件</Filter>
    </ClCompile>
    <ClCompile Include="ShellEx.cpp">
      <Filter>源文件</Filter>
    </ClCompile>
    <ClCompile Include="dllmain.cpp">
      <Filter>源文件</Filter>
    </ClCompile>
    <ClCompile Include="ShellEx_i.c">
      <Filter>生成的文件</Filter>
    </ClCompile>
    <ClCompile Include="OverlayIcon.cpp">
      <Filter>源文件</Filter>
    </ClCompile>
    <ClCompile Include="ContextMenuEx.cpp">
      <Filter>源文件</Filter>
    </ClCompile>
    <ClCompile Include="PropPageEx.cpp">
      <Filter>源文件</Filter>
    </ClCompile>
  </ItemGroup>
  <ItemGroup>
    <ClInclude Include="stdafx.h">
      <Filter>头文件</Filter>
    </ClInclude>
    <ClInclude Include="targetver.h">
      <Filter>头文件</Filter>
    </ClInclude>
    <ClInclude Include="Resource.h">
      <Filter>头文件</Filter>
    </ClInclude>
    <ClInclude Include="dllmain.h">
      <Filter>头文件</Filter>
    </ClInclude>
    <ClInclude Include="ShellEx_i.h">
      <Filter>生成的文件</Filter>
    </ClInclude>
    <ClInclude Include="OverlayIcon.h">
      <Filter>头文件</Filter>
    </ClInclude>
    <ClInclude Include="ContextMenuEx.h">
      <Filter>头文件</Filter>
    </ClInclude>
    <ClInclude Include="PropPageEx.h">
      <Filter>头文件</Filter>
    </ClInclude>
  </ItemGroup>
  <ItemGroup>
    <ResourceCompile Include="ShellEx.rc">
      <Filter>资源文件</Filter>
    </ResourceCompile>
  </ItemGroup>
  <ItemGroup>
    <None Include="ReadMe.txt" />
    <None Include="ShellEx.rgs">
      <Filter>资源文件</Filter>
    </None>
    <None Include="ShellEx.def">
      <Filter>源文件</Filter>
    </None>
    <None Include="OverlayIcon.rgs">
      <Filter>资源文件</Filter>
    </None>
    <None Include="Calender.ico">
      <Filter>资源文件</Filter>
    </None>
    <None Include="ContextMenuEx.rgs">
      <Filter>资源文件</Filter>
    </None>
    <None Include="menuicon.bmp">
      <Filter>资源文件</Filter>
    </None>
    <None Include="PropPageEx.rgs">
      <Filter>资源文件</Filter>
    </None>
  </ItemGroup>
  <ItemGroup>
    <Midl Include="ShellEx.idl">
      <Filter>源文件</Filter>
    </Midl>
  </ItemGroup>
</Project>